
Microsoft Visual Studio Solution File, Format Version 11.00
# Visual Studio 2010
Project("{FAE04EC0-301F-11D3-BF4B-00C04F79EFBC}") = "AtomSDKTests", "AtomSDKTests.csproj", "{5AA5C237-8705-4731-89D9-D3D0EDBF1213}"
EndProject
Global
	GlobalSection(SolutionConfigurationPlatforms) = preSolution
		Debug|Any CPU = Debug|Any CPU
		Release|Any CPU = Release|Any CPU
	EndGlobalSection
	GlobalSection(ProjectConfigurationPlatforms) = postSolution
		{5AA5C237-8705-4731-89D9-D3D0EDBF1213}.Debug|Any CPU.ActiveCfg = Debug|Any CPU
		{5AA5C237-8705-4731-89D9-D3D0EDBF1213}.Debug|Any CPU.Build.0 = Debug|Any CPU
		{5AA5C237-8705-4731-89D9-D3D0EDBF1213}.Release|Any CPU.ActiveCfg = Release|Any CPU
		{5AA5C237-8705-4731-89D9-D3D0EDBF1213}.Release|Any CPU.Build.0 = Release|Any CPU
	EndGlobalSection
EndGlobal
